
Microsoft Visual Studio Solution File, Format Version 12.00
# Visual Studio 15
VisualStudioVersion = 15.0.27004.2002
MinimumVisualStudioVersion = 10.0.40219.1
Project("{FAE04EC0-301F-11D3-BF4B-00C04F79EFBC}") = "SeScripts", "SeScripts\SeScripts.csproj", "{8FF3F768-4C45-4C39-9DE1-0CB3E63A34C9}"
EndProject
Global
	GlobalSection(SolutionConfigurationPlatforms) = preSolution
		Debug|Any CPU = Debug|Any CPU
		Release|Any CPU = Release|Any CPU
	EndGlobalSection
	GlobalSection(ProjectConfigurationPlatforms) = postSolution
		{8FF3F768-4C45-4C39-9DE1-0CB3E63A34C9}.Debug|Any CPU.ActiveCfg = Debug|Any CPU
		{8FF3F768-4C45-4C39-9DE1-0CB3E63A34C9}.Debug|Any CPU.Build.0 = Debug|Any CPU
		{8FF3F768-4C45-4C39-9DE1-0CB3E63A34C9}.Release|Any CPU.ActiveCfg = Release|Any CPU
		{8FF3F768-4C45-4C39-9DE1-0CB3E63A34C9}.Release|Any CPU.Build.0 = Release|Any CPU
	EndGlobalSection
	GlobalSection(SolutionProperties) = preSolution
		HideSolutionNode = FALSE
	EndGlobalSection
	GlobalSection(ExtensibilityGlobals) = postSolution
		SolutionGuid = {A62161EA-CC99-43CF-B354-E516AA68FF94}
	EndGlobalSection
EndGlobal
